# This file was autogenerated by Stack.
# You should not edit this file by hand.
# For more information, please see the documentation at:
#   https://docs.haskellstack.org/en/stable/lock_files

packages:
- completed:
    hackage: flat-0.6@sha256:fbb17e2ae8ec5a7e02d74b505178b92ceb19ef991054c625ea570d33a595dfa3,7464
    pantry-tree:
      sha256: 113fd05091deedc18c46a172b6b619d07c05c401b6c0ad408324657ddcb96ea1
      size: 4834
  original:
    hackage: flat-0.6
snapshots:
- completed:
    sha256: dcf4fc28f12d805480ddbe8eb8c370e11db12f0461d0110a4240af27ac88d725
    size: 650255
    url: https://raw.githubusercontent.com/commercialhaskell/stackage-snapshots/master/lts/20/22.yaml
  original: lts-20.22
