# This file was autogenerated by Stack.
# You should not edit this file by hand.
# For more information, please see the documentation at:
#   https://docs.haskellstack.org/en/stable/lock_files

packages:
- completed:
    hackage: flat-0.6@sha256:fbb17e2ae8ec5a7e02d74b505178b92ceb19ef991054c625ea570d33a595dfa3,7464
    pantry-tree:
      sha256: 113fd05091deedc18c46a172b6b619d07c05c401b6c0ad408324657ddcb96ea1
      size: 4834
  original:
    hackage: flat-0.6
snapshots:
- completed:
    sha256: 4905c93319aa94aa53da8f41d614d7bacdbfe6c63a8c6132d32e6e62f24a9af4
    size: 649315
    url: https://raw.githubusercontent.com/commercialhaskell/stackage-snapshots/master/lts/20/6.yaml
  original: lts-20.6
